
Microsoft Visual Studio Solution File, Format Version 12.00
# Visual Studio Version 17
VisualStudioVersion = 17.5.002.0
MinimumVisualStudioVersion = 10.0.40219.1
Project("{9A19103F-16F7-4668-BE54-9A1E7A4F7556}") = "Msn.Api", "Msn.Api.csproj", "{F3465494-7E29-4D5D-A351-7FD93D57565B}"
EndProject
Global
	GlobalSection(SolutionConfigurationPlatforms) = preSolution
		Debug|Any CPU = Debug|Any CPU
		Release|Any CPU = Release|Any CPU
	EndGlobalSection
	GlobalSection(ProjectConfigurationPlatforms) = postSolution
		{F3465494-7E29-4D5D-A351-7FD93D57565B}.Debug|Any CPU.ActiveCfg = Debug|Any CPU
		{F3465494-7E29-4D5D-A351-7FD93D57565B}.Debug|Any CPU.Build.0 = Debug|Any CPU
		{F3465494-7E29-4D5D-A351-7FD93D57565B}.Release|Any CPU.ActiveCfg = Release|Any CPU
		{F3465494-7E29-4D5D-A351-7FD93D57565B}.Release|Any CPU.Build.0 = Release|Any CPU
	EndGlobalSection
	GlobalSection(SolutionProperties) = preSolution
		HideSolutionNode = FALSE
	EndGlobalSection
	GlobalSection(ExtensibilityGlobals) = postSolution
		SolutionGuid = {F7A0FC7E-B7ED-47D3-8E7F-029102B01939}
	EndGlobalSection
EndGlobal
